
Microsoft Visual Studio Solution File, Format Version 12.00
# Visual Studio Version 16
VisualStudioVersion = 16.0.29215.179
MinimumVisualStudioVersion = 15.0.27130.2010
Project("{2150E333-8FDC-42A3-9474-1A3956D46DE8}") = "Solution Items", "Solution Items", "{5DF0C9E1-9D21-4128-8C87-1518279559BB}"
	ProjectSection(SolutionItems) = preProject
		.editorconfig = .editorconfig
		_config.yml = _config.yml
		build.bat = build.bat
		LICENSE = LICENSE
		output.props = output.props
		package.props = package.props
		README.md = README.md
		run.bat = run.bat
	EndProjectSection
EndProject
Project("{9A19103F-16F7-4668-BE54-9A1E7A4F7556}") = "PayFx", "src\PayFx\PayFx.csproj", "{90842F02-A6E9-44E9-8CD7-4685656F8E6C}"
EndProject
Project("{9A19103F-16F7-4668-BE54-9A1E7A4F7556}") = "PayFx.Alipay", "src\PayFx.Alipay\PayFx.Alipay.csproj", "{EA81A4A8-D9D2-4FA3-A4AD-90BC84EE3844}"
EndProject
Project("{9A19103F-16F7-4668-BE54-9A1E7A4F7556}") = "PayFx.Wechatpay", "src\PayFx.Wechatpay\PayFx.Wechatpay.csproj", "{E819BE6E-A3B1-49A4-8D37-361F7114FE61}"
EndProject
Project("{9A19103F-16F7-4668-BE54-9A1E7A4F7556}") = "PayFx.Demo", "sample\PaySharp.Demo\PayFx.Demo.csproj", "{94E5E7EA-893C-42D5-A2A8-7916F2BC8940}"
EndProject
Project("{2150E333-8FDC-42A3-9474-1A3956D46DE8}") = "sample", "sample", "{AC2CF280-BDF9-4247-9BB2-C3F8373115B5}"
EndProject
Global
	GlobalSection(SolutionConfigurationPlatforms) = preSolution
		Debug|Any CPU = Debug|Any CPU
		Release|Any CPU = Release|Any CPU
	EndGlobalSection
	GlobalSection(ProjectConfigurationPlatforms) = postSolution
		{90842F02-A6E9-44E9-8CD7-4685656F8E6C}.Debug|Any CPU.ActiveCfg = Debug|Any CPU
		{90842F02-A6E9-44E9-8CD7-4685656F8E6C}.Debug|Any CPU.Build.0 = Debug|Any CPU
		{90842F02-A6E9-44E9-8CD7-4685656F8E6C}.Release|Any CPU.ActiveCfg = Release|Any CPU
		{90842F02-A6E9-44E9-8CD7-4685656F8E6C}.Release|Any CPU.Build.0 = Release|Any CPU
		{EA81A4A8-D9D2-4FA3-A4AD-90BC84EE3844}.Debug|Any CPU.ActiveCfg = Debug|Any CPU
		{EA81A4A8-D9D2-4FA3-A4AD-90BC84EE3844}.Debug|Any CPU.Build.0 = Debug|Any CPU
		{EA81A4A8-D9D2-4FA3-A4AD-90BC84EE3844}.Release|Any CPU.ActiveCfg = Release|Any CPU
		{EA81A4A8-D9D2-4FA3-A4AD-90BC84EE3844}.Release|Any CPU.Build.0 = Release|Any CPU
		{E819BE6E-A3B1-49A4-8D37-361F7114FE61}.Debug|Any CPU.ActiveCfg = Debug|Any CPU
		{E819BE6E-A3B1-49A4-8D37-361F7114FE61}.Debug|Any CPU.Build.0 = Debug|Any CPU
		{E819BE6E-A3B1-49A4-8D37-361F7114FE61}.Release|Any CPU.ActiveCfg = Release|Any CPU
		{E819BE6E-A3B1-49A4-8D37-361F7114FE61}.Release|Any CPU.Build.0 = Release|Any CPU
		{94E5E7EA-893C-42D5-A2A8-7916F2BC8940}.Debug|Any CPU.ActiveCfg = Debug|Any CPU
		{94E5E7EA-893C-42D5-A2A8-7916F2BC8940}.Debug|Any CPU.Build.0 = Debug|Any CPU
		{94E5E7EA-893C-42D5-A2A8-7916F2BC8940}.Release|Any CPU.ActiveCfg = Release|Any CPU
		{94E5E7EA-893C-42D5-A2A8-7916F2BC8940}.Release|Any CPU.Build.0 = Release|Any CPU
	EndGlobalSection
	GlobalSection(SolutionProperties) = preSolution
		HideSolutionNode = FALSE
	EndGlobalSection
	GlobalSection(NestedProjects) = preSolution
		{94E5E7EA-893C-42D5-A2A8-7916F2BC8940} = {AC2CF280-BDF9-4247-9BB2-C3F8373115B5}
	EndGlobalSection
	GlobalSection(ExtensibilityGlobals) = postSolution
		SolutionGuid = {35DA7CB4-3AB7-45FF-93D2-DBC4760221EF}
	EndGlobalSection
	GlobalSection(TestCaseManagementSettings) = postSolution
		CategoryFile = PostWriting2.vsmdi
	EndGlobalSection
EndGlobal
